
Microsoft Visual Studio Solution File, Format Version 12.00
# Visual Studio Version 16
VisualStudioVersion = 16.0.31005.135
MinimumVisualStudioVersion = 10.0.40219.1
Project("{FAE04EC0-301F-11D3-BF4B-00C04F79EFBC}") = "A827535.Actividad03", "A827535.Actividad03\A827535.Actividad03.csproj", "{D67CA22F-8A31-463B-B75E-8CBA140C8FEC}"
EndProject
Global
	GlobalSection(SolutionConfigurationPlatforms) = preSolution
		Debug|Any CPU = Debug|Any CPU
		Release|Any CPU = Release|Any CPU
	EndGlobalSection
	GlobalSection(ProjectConfigurationPlatforms) = postSolution
		{D67CA22F-8A31-463B-B75E-8CBA140C8FEC}.Debug|Any CPU.ActiveCfg = Debug|Any CPU
		{D67CA22F-8A31-463B-B75E-8CBA140C8FEC}.Debug|Any CPU.Build.0 = Debug|Any CPU
		{D67CA22F-8A31-463B-B75E-8CBA140C8FEC}.Release|Any CPU.ActiveCfg = Release|Any CPU
		{D67CA22F-8A31-463B-B75E-8CBA140C8FEC}.Release|Any CPU.Build.0 = Release|Any CPU
	EndGlobalSection
	GlobalSection(SolutionProperties) = preSolution
		HideSolutionNode = FALSE
	EndGlobalSection
	GlobalSection(ExtensibilityGlobals) = postSolution
		SolutionGuid = {8DC2ED54-8A4F-4AE0-8D9C-177BA2192A7C}
	EndGlobalSection
EndGlobal
